
Microsoft Visual Studio Solution File, Format Version 11.00
# Visual C# Express 2010
Project("{FAE04EC0-301F-11D3-BF4B-00C04F79EFBC}") = "ImaginationBox", "ImaginationBox\ImaginationBox.csproj", "{291050F3-8CBC-4999-8094-C19DD93513A5}"
EndProject
Project("{FAE04EC0-301F-11D3-BF4B-00C04F79EFBC}") = "MyUtilities", "..\..\Program Files\C#\MyUtilities\MyUtilities\MyUtilities\MyUtilities.csproj", "{5CC079E3-943B-4FDF-8F5D-CD8F959ABB7E}"
EndProject
Global
	GlobalSection(SolutionConfigurationPlatforms) = preSolution
		Debug|x86 = Debug|x86
		Release|x86 = Release|x86
	EndGlobalSection
	GlobalSection(ProjectConfigurationPlatforms) = postSolution
		{291050F3-8CBC-4999-8094-C19DD93513A5}.Debug|x86.ActiveCfg = Debug|x86
		{291050F3-8CBC-4999-8094-C19DD93513A5}.Debug|x86.Build.0 = Debug|x86
		{291050F3-8CBC-4999-8094-C19DD93513A5}.Release|x86.ActiveCfg = Release|x86
		{291050F3-8CBC-4999-8094-C19DD93513A5}.Release|x86.Build.0 = Release|x86
		{5CC079E3-943B-4FDF-8F5D-CD8F959ABB7E}.Debug|x86.ActiveCfg = Debug|x86
		{5CC079E3-943B-4FDF-8F5D-CD8F959ABB7E}.Debug|x86.Build.0 = Debug|x86
		{5CC079E3-943B-4FDF-8F5D-CD8F959ABB7E}.Release|x86.ActiveCfg = Release|x86
		{5CC079E3-943B-4FDF-8F5D-CD8F959ABB7E}.Release|x86.Build.0 = Release|x86
	EndGlobalSection
	GlobalSection(SolutionProperties) = preSolution
		HideSolutionNode = FALSE
	EndGlobalSection
EndGlobal
